
Microsoft Visual Studio Solution File, Format Version 12.00
# Visual Studio Version 17
VisualStudioVersion = 17.10.34928.147
MinimumVisualStudioVersion = 10.0.40219.1
Project("{9A19103F-16F7-4668-BE54-9A1E7A4F7556}") = "Cursus.LMS.API", "Cursus.LMS.API\Cursus.LMS.API.csproj", "{BA87DACF-F298-45B8-8D2E-A464DD8AE492}"
EndProject
Project("{9A19103F-16F7-4668-BE54-9A1E7A4F7556}") = "Cursus.LMS.DataAccess", "Cursus.LMS.DataAccess\Cursus.LMS.DataAccess.csproj", "{A91F22F2-1175-45D2-ADE5-D1B606AA6E1B}"
EndProject
Project("{9A19103F-16F7-4668-BE54-9A1E7A4F7556}") = "Cursus.LMS.Service", "Cursus.LMS.Service\Cursus.LMS.Service.csproj", "{5143EF27-F420-4C1D-AC5D-ABBFE41E74CC}"
EndProject
Project("{9A19103F-16F7-4668-BE54-9A1E7A4F7556}") = "Cursus.LMS.Model", "Cursus.LMS.Model\Cursus.LMS.Model.csproj", "{FAF8500C-EC4A-4B0F-A960-19793A294F8D}"
EndProject
Project("{9A19103F-16F7-4668-BE54-9A1E7A4F7556}") = "Cursus.LMS.Utility", "Cursus.LMS.Utility\Cursus.LMS.Utility.csproj", "{1753BA06-257E-4DE0-A656-93C10F676031}"
EndProject
Project("{9A19103F-16F7-4668-BE54-9A1E7A4F7556}") = "Cursus.LMS.Test", "Cursus.LMS.Test\Cursus.LMS.Test.csproj", "{AC4448A3-5575-479D-A002-1030FAE6C3E6}"
EndProject
Global
	GlobalSection(SolutionConfigurationPlatforms) = preSolution
		Debug|Any CPU = Debug|Any CPU
		Release|Any CPU = Release|Any CPU
	EndGlobalSection
	GlobalSection(ProjectConfigurationPlatforms) = postSolution
		{BA87DACF-F298-45B8-8D2E-A464DD8AE492}.Debug|Any CPU.ActiveCfg = Debug|Any CPU
		{BA87DACF-F298-45B8-8D2E-A464DD8AE492}.Debug|Any CPU.Build.0 = Debug|Any CPU
		{BA87DACF-F298-45B8-8D2E-A464DD8AE492}.Release|Any CPU.ActiveCfg = Release|Any CPU
		{BA87DACF-F298-45B8-8D2E-A464DD8AE492}.Release|Any CPU.Build.0 = Release|Any CPU
		{A91F22F2-1175-45D2-ADE5-D1B606AA6E1B}.Debug|Any CPU.ActiveCfg = Debug|Any CPU
		{A91F22F2-1175-45D2-ADE5-D1B606AA6E1B}.Debug|Any CPU.Build.0 = Debug|Any CPU
		{A91F22F2-1175-45D2-ADE5-D1B606AA6E1B}.Release|Any CPU.ActiveCfg = Release|Any CPU
		{A91F22F2-1175-45D2-ADE5-D1B606AA6E1B}.Release|Any CPU.Build.0 = Release|Any CPU
		{5143EF27-F420-4C1D-AC5D-ABBFE41E74CC}.Debug|Any CPU.ActiveCfg = Debug|Any CPU
		{5143EF27-F420-4C1D-AC5D-ABBFE41E74CC}.Debug|Any CPU.Build.0 = Debug|Any CPU
		{5143EF27-F420-4C1D-AC5D-ABBFE41E74CC}.Release|Any CPU.ActiveCfg = Release|Any CPU
		{5143EF27-F420-4C1D-AC5D-ABBFE41E74CC}.Release|Any CPU.Build.0 = Release|Any CPU
		{FAF8500C-EC4A-4B0F-A960-19793A294F8D}.Debug|Any CPU.ActiveCfg = Debug|Any CPU
		{FAF8500C-EC4A-4B0F-A960-19793A294F8D}.Debug|Any CPU.Build.0 = Debug|Any CPU
		{FAF8500C-EC4A-4B0F-A960-19793A294F8D}.Release|Any CPU.ActiveCfg = Release|Any CPU
		{FAF8500C-EC4A-4B0F-A960-19793A294F8D}.Release|Any CPU.Build.0 = Release|Any CPU
		{1753BA06-257E-4DE0-A656-93C10F676031}.Debug|Any CPU.ActiveCfg = Debug|Any CPU
		{1753BA06-257E-4DE0-A656-93C10F676031}.Debug|Any CPU.Build.0 = Debug|Any CPU
		{1753BA06-257E-4DE0-A656-93C10F676031}.Release|Any CPU.ActiveCfg = Release|Any CPU
		{1753BA06-257E-4DE0-A656-93C10F676031}.Release|Any CPU.Build.0 = Release|Any CPU
		{AC4448A3-5575-479D-A002-1030FAE6C3E6}.Debug|Any CPU.ActiveCfg = Debug|Any CPU
		{AC4448A3-5575-479D-A002-1030FAE6C3E6}.Debug|Any CPU.Build.0 = Debug|Any CPU
		{AC4448A3-5575-479D-A002-1030FAE6C3E6}.Release|Any CPU.ActiveCfg = Release|Any CPU
		{AC4448A3-5575-479D-A002-1030FAE6C3E6}.Release|Any CPU.Build.0 = Release|Any CPU
	EndGlobalSection
	GlobalSection(SolutionProperties) = preSolution
		HideSolutionNode = FALSE
	EndGlobalSection
	GlobalSection(ExtensibilityGlobals) = postSolution
		SolutionGuid = {ADBA8DF7-DB88-4C46-94B4-22D5463DD903}
	EndGlobalSection
EndGlobal
